// !$*UTF8*$!
{
	archiveVersion = 1;
	classes = {
	};
	objectVersion = 48;
	objects = {

/* Begin PBXBuildFile section */
		17CAEC7E35F7EDFB005501D0 /* UserSearchPresenter.swift in Sources */ = {isa = PBXBuildFile; fileRef = 1EE2BB3D6CD1BBCE82EC34DF /* UserSearchPresenter.swift */; };
		1CAE15333E96196DB2D89277 /* UserSearchViewController.swift in Sources */ = {isa = PBXBuildFile; fileRef = 5E2D6D709527F364269A30B7 /* UserSearchViewController.swift */; };
		20CBB99287120C7505383330 /* UserSearchInteractorInput.swift in Sources */ = {isa = PBXBuildFile; fileRef = CA8C209076C9E48E59B3637D /* UserSearchInteractorInput.swift */; };
		2105D3936928F04556BD11D5 /* UserSearchModuleInput.swift in Sources */ = {isa = PBXBuildFile; fileRef = 3CAC702B4528CE60271342DC /* UserSearchModuleInput.swift */; };
		22D7474DA6C0770754E20D1F /* UserSearchConfiguratorTests.swift in Sources */ = {isa = PBXBuildFile; fileRef = 573B9376E48E6301FEBC04A5 /* UserSearchConfiguratorTests.swift */; };
		284C1ACE1FBE839700F00D23 /* AIUserSearchViewController.xib in Resources */ = {isa = PBXBuildFile; fileRef = 284C1ACD1FBE839700F00D23 /* AIUserSearchViewController.xib */; };
		284C1AD51FBE9A0C00F00D23 /* AIUserTableViewCell.swift in Sources */ = {isa = PBXBuildFile; fileRef = 284C1AD31FBE9A0C00F00D23 /* AIUserTableViewCell.swift */; };
		284C1AD61FBE9A0C00F00D23 /* AIUserTableViewCell.xib in Resources */ = {isa = PBXBuildFile; fileRef = 284C1AD41FBE9A0C00F00D23 /* AIUserTableViewCell.xib */; };
		284C1ADE1FBEA5B500F00D23 /* BrowserVKTests.swift in Sources */ = {isa = PBXBuildFile; fileRef = 284C1ADD1FBEA5B500F00D23 /* BrowserVKTests.swift */; };
		28D55AC41FBD4A9400B9C66C /* AppDelegate.swift in Sources */ = {isa = PBXBuildFile; fileRef = 28D55AC31FBD4A9400B9C66C /* AppDelegate.swift */; };
		28D55ACB1FBD4A9400B9C66C /* Assets.xcassets in Resources */ = {isa = PBXBuildFile; fileRef = 28D55ACA1FBD4A9400B9C66C /* Assets.xcassets */; };
		28D55ACE1FBD4A9400B9C66C /* LaunchScreen.storyboard in Resources */ = {isa = PBXBuildFile; fileRef = 28D55ACC1FBD4A9400B9C66C /* LaunchScreen.storyboard */; };
		347045B422DD4CD257109413 /* UserSearchRouter.swift in Sources */ = {isa = PBXBuildFile; fileRef = 5D0ABA3FF6CB0B8B182B04C1 /* UserSearchRouter.swift */; };
		507F7FACFA06FA8756C01D19 /* UserSearchViewInput.swift in Sources */ = {isa = PBXBuildFile; fileRef = 6E32788BA7C38F6201DDB7E7 /* UserSearchViewInput.swift */; };
		69BD9343D6472F3EE8A22832 /* UserSearchInteractor.swift in Sources */ = {isa = PBXBuildFile; fileRef = 18483260B23F1A372A37232E /* UserSearchInteractor.swift */; };
		7BB455E0394D33B0A0ED98FE /* UserSearchInitializer.swift in Sources */ = {isa = PBXBuildFile; fileRef = D01EA9877686F1D6962D6826 /* UserSearchInitializer.swift */; };
		8B458A90486E151AEFFF9FAB /* UserSearchInteractorTests.swift in Sources */ = {isa = PBXBuildFile; fileRef = F3FAB6FB27F74582DE435385 /* UserSearchInteractorTests.swift */; };
		8BC1676D7C54B722A31B26C2 /* UserSearchPresenterTests.swift in Sources */ = {isa = PBXBuildFile; fileRef = 141200FA96B4BCA65C6CD7AF /* UserSearchPresenterTests.swift */; };
		8D714D5B8A80D431C8D4D421 /* UserSearchRouterInput.swift in Sources */ = {isa = PBXBuildFile; fileRef = BD9517143163E23478CB8223 /* UserSearchRouterInput.swift */; };
		AE443DD4FEEFF3A72F3E1596 /* UserSearchRouterTests.swift in Sources */ = {isa = PBXBuildFile; fileRef = 936004C113DC6DF2D0E2AB63 /* UserSearchRouterTests.swift */; };
		C0707353ACE5D60C4521ECD8 /* UserSearchInteractorOutput.swift in Sources */ = {isa = PBXBuildFile; fileRef = BF5DB58779318A187C1F0946 /* UserSearchInteractorOutput.swift */; };
		C6BE0E7D8CE21540A0C19CE2 /* UserSearchViewTests.swift in Sources */ = {isa = PBXBuildFile; fileRef = 027C38FE2FF7CAAF403FA32F /* UserSearchViewTests.swift */; };
		D444F50A6562072B382044BA /* UserSearchViewOutput.swift in Sources */ = {isa = PBXBuildFile; fileRef = 4225A1A05046DC49533EE98F /* UserSearchViewOutput.swift */; };
		D7CC6EA2B7E5BD4E4C735580 /* UserSearchConfigurator.swift in Sources */ = {isa = PBXBuildFile; fileRef = 934027F97D5D5213FD08CC72 /* UserSearchConfigurator.swift */; };
/* End PBXBuildFile section */

/* Begin PBXContainerItemProxy section */
		284C1AE01FBEA5B500F00D23 /* PBXContainerItemProxy */ = {
			isa = PBXContainerItemProxy;
			containerPortal = 28D55AB81FBD4A9400B9C66C /* Project object */;
			proxyType = 1;
			remoteGlobalIDString = 28D55ABF1FBD4A9400B9C66C;
			remoteInfo = BrowserVK;
		};
/* End PBXContainerItemProxy section */

/* Begin PBXFileReference section */
		027C38FE2FF7CAAF403FA32F /* UserSearchViewTests.swift */ = {isa = PBXFileReference; includeInIndex = 1; lastKnownFileType = sourcecode.swift; path = UserSearchViewTests.swift; sourceTree = "<group>"; };
		141200FA96B4BCA65C6CD7AF /* UserSearchPresenterTests.swift */ = {isa = PBXFileReference; includeInIndex = 1; lastKnownFileType = sourcecode.swift; path = UserSearchPresenterTests.swift; sourceTree = "<group>"; };
		18483260B23F1A372A37232E /* UserSearchInteractor.swift */ = {isa = PBXFileReference; includeInIndex = 1; lastKnownFileType = sourcecode.swift; path = UserSearchInteractor.swift; sourceTree = "<group>"; };
		1EE2BB3D6CD1BBCE82EC34DF /* UserSearchPresenter.swift */ = {isa = PBXFileReference; includeInIndex = 1; lastKnownFileType = sourcecode.swift; path = UserSearchPresenter.swift; sourceTree = "<group>"; };
		284C1ACD1FBE839700F00D23 /* AIUserSearchViewController.xib */ = {isa = PBXFileReference; lastKnownFileType = file.xib; path = AIUserSearchViewController.xib; sourceTree = "<group>"; };
		284C1AD31FBE9A0C00F00D23 /* AIUserTableViewCell.swift */ = {isa = PBXFileReference; lastKnownFileType = sourcecode.swift; path = AIUserTableViewCell.swift; sourceTree = "<group>"; };
		284C1AD41FBE9A0C00F00D23 /* AIUserTableViewCell.xib */ = {isa = PBXFileReference; lastKnownFileType = file.xib; path = AIUserTableViewCell.xib; sourceTree = "<group>"; };
		284C1ADB1FBEA5B500F00D23 /* BrowserVKTests.xctest */ = {isa = PBXFileReference; explicitFileType = wrapper.cfbundle; includeInIndex = 0; path = BrowserVKTests.xctest; sourceTree = BUILT_PRODUCTS_DIR; };
		284C1ADD1FBEA5B500F00D23 /* BrowserVKTests.swift */ = {isa = PBXFileReference; lastKnownFileType = sourcecode.swift; path = BrowserVKTests.swift; sourceTree = "<group>"; };
		284C1ADF1FBEA5B500F00D23 /* Info.plist */ = {isa = PBXFileReference; lastKnownFileType = text.plist.xml; path = Info.plist; sourceTree = "<group>"; };
		28D55AC01FBD4A9400B9C66C /* BrowserVK.app */ = {isa = PBXFileReference; explicitFileType = wrapper.application; includeInIndex = 0; path = BrowserVK.app; sourceTree = BUILT_PRODUCTS_DIR; };
		28D55AC31FBD4A9400B9C66C /* AppDelegate.swift */ = {isa = PBXFileReference; lastKnownFileType = sourcecode.swift; path = AppDelegate.swift; sourceTree = "<group>"; };
		28D55ACA1FBD4A9400B9C66C /* Assets.xcassets */ = {isa = PBXFileReference; lastKnownFileType = folder.assetcatalog; path = Assets.xcassets; sourceTree = "<group>"; };
		28D55ACD1FBD4A9400B9C66C /* Base */ = {isa = PBXFileReference; lastKnownFileType = file.storyboard; name = Base; path = Base.lproj/LaunchScreen.storyboard; sourceTree = "<group>"; };
		28D55ACF1FBD4A9400B9C66C /* Info.plist */ = {isa = PBXFileReference; lastKnownFileType = text.plist.xml; path = Info.plist; sourceTree = "<group>"; };
		3CAC702B4528CE60271342DC /* UserSearchModuleInput.swift */ = {isa = PBXFileReference; includeInIndex = 1; lastKnownFileType = sourcecode.swift; path = UserSearchModuleInput.swift; sourceTree = "<group>"; };
		4225A1A05046DC49533EE98F /* UserSearchViewOutput.swift */ = {isa = PBXFileReference; includeInIndex = 1; lastKnownFileType = sourcecode.swift; path = UserSearchViewOutput.swift; sourceTree = "<group>"; };
		573B9376E48E6301FEBC04A5 /* UserSearchConfiguratorTests.swift */ = {isa = PBXFileReference; includeInIndex = 1; lastKnownFileType = sourcecode.swift; path = UserSearchConfiguratorTests.swift; sourceTree = "<group>"; };
		5D0ABA3FF6CB0B8B182B04C1 /* UserSearchRouter.swift */ = {isa = PBXFileReference; includeInIndex = 1; lastKnownFileType = sourcecode.swift; path = UserSearchRouter.swift; sourceTree = "<group>"; };
		5E2D6D709527F364269A30B7 /* UserSearchViewController.swift */ = {isa = PBXFileReference; includeInIndex = 1; lastKnownFileType = sourcecode.swift; path = UserSearchViewController.swift; sourceTree = "<group>"; };
		6E32788BA7C38F6201DDB7E7 /* UserSearchViewInput.swift */ = {isa = PBXFileReference; includeInIndex = 1; lastKnownFileType = sourcecode.swift; path = UserSearchViewInput.swift; sourceTree = "<group>"; };
		934027F97D5D5213FD08CC72 /* UserSearchConfigurator.swift */ = {isa = PBXFileReference; includeInIndex = 1; lastKnownFileType = sourcecode.swift; path = UserSearchConfigurator.swift; sourceTree = "<group>"; };
		936004C113DC6DF2D0E2AB63 /* UserSearchRouterTests.swift */ = {isa = PBXFileReference; includeInIndex = 1; lastKnownFileType = sourcecode.swift; path = UserSearchRouterTests.swift; sourceTree = "<group>"; };
		BD9517143163E23478CB8223 /* UserSearchRouterInput.swift */ = {isa = PBXFileReference; includeInIndex = 1; lastKnownFileType = sourcecode.swift; path = UserSearchRouterInput.swift; sourceTree = "<group>"; };
		BF5DB58779318A187C1F0946 /* UserSearchInteractorOutput.swift */ = {isa = PBXFileReference; includeInIndex = 1; lastKnownFileType = sourcecode.swift; path = UserSearchInteractorOutput.swift; sourceTree = "<group>"; };
		CA8C209076C9E48E59B3637D /* UserSearchInteractorInput.swift */ = {isa = PBXFileReference; includeInIndex = 1; lastKnownFileType = sourcecode.swift; path = UserSearchInteractorInput.swift; sourceTree = "<group>"; };
		D01EA9877686F1D6962D6826 /* UserSearchInitializer.swift */ = {isa = PBXFileReference; includeInIndex = 1; lastKnownFileType = sourcecode.swift; path = UserSearchInitializer.swift; sourceTree = "<group>"; };
		F3FAB6FB27F74582DE435385 /* UserSearchInteractorTests.swift */ = {isa = PBXFileReference; includeInIndex = 1; lastKnownFileType = sourcecode.swift; path = UserSearchInteractorTests.swift; sourceTree = "<group>"; };
/* End PBXFileReference section */

/* Begin PBXFrameworksBuildPhase section */
		284C1AD81FBEA5B500F00D23 /* Frameworks */ = {
			isa = PBXFrameworksBuildPhase;
			buildActionMask = 2147483647;
			files = (
			);
			runOnlyForDeploymentPostprocessing = 0;
		};
		28D55ABD1FBD4A9400B9C66C /* Frameworks */ = {
			isa = PBXFrameworksBuildPhase;
			buildActionMask = 2147483647;
			files = (
			);
			runOnlyForDeploymentPostprocessing = 0;
		};
/* End PBXFrameworksBuildPhase section */

/* Begin PBXGroup section */
		097AF29A53DDA768F4951130 /* Configurator */ = {
			isa = PBXGroup;
			children = (
				573B9376E48E6301FEBC04A5 /* UserSearchConfiguratorTests.swift */,
			);
			path = Configurator;
			sourceTree = "<group>";
		};
		0BA8D5AB81855D1947445201 /* View */ = {
			isa = PBXGroup;
			children = (
				6E32788BA7C38F6201DDB7E7 /* UserSearchViewInput.swift */,
				4225A1A05046DC49533EE98F /* UserSearchViewOutput.swift */,
				5E2D6D709527F364269A30B7 /* UserSearchViewController.swift */,
				284C1ACD1FBE839700F00D23 /* AIUserSearchViewController.xib */,
				284C1AD31FBE9A0C00F00D23 /* AIUserTableViewCell.swift */,
				284C1AD41FBE9A0C00F00D23 /* AIUserTableViewCell.xib */,
			);
			path = View;
			sourceTree = "<group>";
		};
		120B0C81FEEDF4494223CB46 /* modules */ = {
			isa = PBXGroup;
			children = (
				D2CC35EE9CC03B4176F477E8 /* UserSearch */,
			);
			path = modules;
			sourceTree = "<group>";
		};
		284C1ADC1FBEA5B500F00D23 /* BrowserVKTests */ = {
			isa = PBXGroup;
			children = (
				284C1ADD1FBEA5B500F00D23 /* BrowserVKTests.swift */,
				284C1ADF1FBEA5B500F00D23 /* Info.plist */,
				33880C719D9FA9222CD49C3E /* modules */,
			);
			path = BrowserVKTests;
			sourceTree = "<group>";
		};
		28D55AB71FBD4A9400B9C66C = {
			isa = PBXGroup;
			children = (
				28D55AC21FBD4A9400B9C66C /* BrowserVK */,
				284C1ADC1FBEA5B500F00D23 /* BrowserVKTests */,
				28D55AC11FBD4A9400B9C66C /* Products */,
			);
			sourceTree = "<group>";
		};
		28D55AC11FBD4A9400B9C66C /* Products */ = {
			isa = PBXGroup;
			children = (
				28D55AC01FBD4A9400B9C66C /* BrowserVK.app */,
				284C1ADB1FBEA5B500F00D23 /* BrowserVKTests.xctest */,
			);
			name = Products;
			sourceTree = "<group>";
		};
		28D55AC21FBD4A9400B9C66C /* BrowserVK */ = {
			isa = PBXGroup;
			children = (
				28D55AC31FBD4A9400B9C66C /* AppDelegate.swift */,
				28D55ACA1FBD4A9400B9C66C /* Assets.xcassets */,
				28D55ACC1FBD4A9400B9C66C /* LaunchScreen.storyboard */,
				28D55ACF1FBD4A9400B9C66C /* Info.plist */,
				120B0C81FEEDF4494223CB46 /* modules */,
			);
			path = BrowserVK;
			sourceTree = "<group>";
		};
		33880C719D9FA9222CD49C3E /* modules */ = {
			isa = PBXGroup;
			children = (
				62967B1EA55C331C089E1149 /* UserSearch */,
			);
			path = modules;
			sourceTree = "<group>";
		};
		5B3716DF9F1E5661B9355278 /* Presenter */ = {
			isa = PBXGroup;
			children = (
				3CAC702B4528CE60271342DC /* UserSearchModuleInput.swift */,
				1EE2BB3D6CD1BBCE82EC34DF /* UserSearchPresenter.swift */,
			);
			path = Presenter;
			sourceTree = "<group>";
		};
		62967B1EA55C331C089E1149 /* UserSearch */ = {
			isa = PBXGroup;
			children = (
				097AF29A53DDA768F4951130 /* Configurator */,
				E7CA9C914335C89D884ED972 /* View */,
				D4889F7811188BAD54D4571A /* Interactor */,
				780DEC5BD4C9DDDD3149F178 /* Presenter */,
				F4092EDC7535875AFFB8B5B3 /* Router */,
			);
			path = UserSearch;
			sourceTree = "<group>";
		};
		6B5478425AFAC897357B160D /* Interactor */ = {
			isa = PBXGroup;
			children = (
				CA8C209076C9E48E59B3637D /* UserSearchInteractorInput.swift */,
				BF5DB58779318A187C1F0946 /* UserSearchInteractorOutput.swift */,
				18483260B23F1A372A37232E /* UserSearchInteractor.swift */,
			);
			path = Interactor;
			sourceTree = "<group>";
		};
		780DEC5BD4C9DDDD3149F178 /* Presenter */ = {
			isa = PBXGroup;
			children = (
				141200FA96B4BCA65C6CD7AF /* UserSearchPresenterTests.swift */,
			);
			path = Presenter;
			sourceTree = "<group>";
		};
		858A9AF5170A538366E61094 /* Router */ = {
			isa = PBXGroup;
			children = (
				BD9517143163E23478CB8223 /* UserSearchRouterInput.swift */,
				5D0ABA3FF6CB0B8B182B04C1 /* UserSearchRouter.swift */,
			);
			path = Router;
			sourceTree = "<group>";
		};
		D2CC35EE9CC03B4176F477E8 /* UserSearch */ = {
			isa = PBXGroup;
			children = (
				0BA8D5AB81855D1947445201 /* View */,
				5B3716DF9F1E5661B9355278 /* Presenter */,
				6B5478425AFAC897357B160D /* Interactor */,
				858A9AF5170A538366E61094 /* Router */,
				EF5A3AC6E4891DB01D351F99 /* Configurator */,
			);
			path = UserSearch;
			sourceTree = "<group>";
		};
		D4889F7811188BAD54D4571A /* Interactor */ = {
			isa = PBXGroup;
			children = (
				F3FAB6FB27F74582DE435385 /* UserSearchInteractorTests.swift */,
			);
			path = Interactor;
			sourceTree = "<group>";
		};
		E7CA9C914335C89D884ED972 /* View */ = {
			isa = PBXGroup;
			children = (
				027C38FE2FF7CAAF403FA32F /* UserSearchViewTests.swift */,
			);
			path = View;
			sourceTree = "<group>";
		};
		EF5A3AC6E4891DB01D351F99 /* Configurator */ = {
			isa = PBXGroup;
			children = (
				934027F97D5D5213FD08CC72 /* UserSearchConfigurator.swift */,
				D01EA9877686F1D6962D6826 /* UserSearchInitializer.swift */,
			);
			path = Configurator;
			sourceTree = "<group>";
		};
		F4092EDC7535875AFFB8B5B3 /* Router */ = {
			isa = PBXGroup;
			children = (
				936004C113DC6DF2D0E2AB63 /* UserSearchRouterTests.swift */,
			);
			path = Router;
			sourceTree = "<group>";
		};
/* End PBXGroup section */

/* Begin PBXNativeTarget section */
		284C1ADA1FBEA5B500F00D23 /* BrowserVKTests */ = {
			isa = PBXNativeTarget;
			buildConfigurationList = 284C1AE21FBEA5B500F00D23 /* Build configuration list for PBXNativeTarget "BrowserVKTests" */;
			buildPhases = (
				284C1AD71FBEA5B500F00D23 /* Sources */,
				284C1AD81FBEA5B500F00D23 /* Frameworks */,
				284C1AD91FBEA5B500F00D23 /* Resources */,
			);
			buildRules = (
			);
			dependencies = (
				284C1AE11FBEA5B500F00D23 /* PBXTargetDependency */,
			);
			name = BrowserVKTests;
			productName = BrowserVKTests;
			productReference = 284C1ADB1FBEA5B500F00D23 /* BrowserVKTests.xctest */;
			productType = "com.apple.product-type.bundle.unit-test";
		};
		28D55ABF1FBD4A9400B9C66C /* BrowserVK */ = {
			isa = PBXNativeTarget;
			buildConfigurationList = 28D55AD21FBD4A9400B9C66C /* Build configuration list for PBXNativeTarget "BrowserVK" */;
			buildPhases = (
				28D55ABC1FBD4A9400B9C66C /* Sources */,
				28D55ABD1FBD4A9400B9C66C /* Frameworks */,
				28D55ABE1FBD4A9400B9C66C /* Resources */,
			);
			buildRules = (
			);
			dependencies = (
			);
			name = BrowserVK;
			productName = BrowserVK;
			productReference = 28D55AC01FBD4A9400B9C66C /* BrowserVK.app */;
			productType = "com.apple.product-type.application";
		};
/* End PBXNativeTarget section */

/* Begin PBXProject section */
		28D55AB81FBD4A9400B9C66C /* Project object */ = {
			isa = PBXProject;
			attributes = {
				LastSwiftUpdateCheck = 0910;
				LastUpgradeCheck = 0910;
				ORGANIZATIONNAME = "Алмакаев Ильяс";
				TargetAttributes = {
					284C1ADA1FBEA5B500F00D23 = {
						CreatedOnToolsVersion = 9.1;
						ProvisioningStyle = Automatic;
						TestTargetID = 28D55ABF1FBD4A9400B9C66C;
					};
					28D55ABF1FBD4A9400B9C66C = {
						CreatedOnToolsVersion = 9.1;
						ProvisioningStyle = Automatic;
					};
				};
			};
			buildConfigurationList = 28D55ABB1FBD4A9400B9C66C /* Build configuration list for PBXProject "BrowserVK" */;
			compatibilityVersion = "Xcode 8.0";
			developmentRegion = en;
			hasScannedForEncodings = 0;
			knownRegions = (
				en,
				Base,
			);
			mainGroup = 28D55AB71FBD4A9400B9C66C;
			productRefGroup = 28D55AC11FBD4A9400B9C66C /* Products */;
			projectDirPath = "";
			projectRoot = "";
			targets = (
				28D55ABF1FBD4A9400B9C66C /* BrowserVK */,
				284C1ADA1FBEA5B500F00D23 /* BrowserVKTests */,
			);
		};
/* End PBXProject section */

/* Begin PBXResourcesBuildPhase section */
		284C1AD91FBEA5B500F00D23 /* Resources */ = {
			isa = PBXResourcesBuildPhase;
			buildActionMask = 2147483647;
			files = (
			);
			runOnlyForDeploymentPostprocessing = 0;
		};
		28D55ABE1FBD4A9400B9C66C /* Resources */ = {
			isa = PBXResourcesBuildPhase;
			buildActionMask = 2147483647;
			files = (
				28D55ACE1FBD4A9400B9C66C /* LaunchScreen.storyboard in Resources */,
				284C1ACE1FBE839700F00D23 /* AIUserSearchViewController.xib in Resources */,
				28D55ACB1FBD4A9400B9C66C /* Assets.xcassets in Resources */,
				284C1AD61FBE9A0C00F00D23 /* AIUserTableViewCell.xib in Resources */,
			);
			runOnlyForDeploymentPostprocessing = 0;
		};
/* End PBXResourcesBuildPhase section */

/* Begin PBXSourcesBuildPhase section */
		284C1AD71FBEA5B500F00D23 /* Sources */ = {
			isa = PBXSourcesBuildPhase;
			buildActionMask = 2147483647;
			files = (
				284C1ADE1FBEA5B500F00D23 /* BrowserVKTests.swift in Sources */,
				22D7474DA6C0770754E20D1F /* UserSearchConfiguratorTests.swift in Sources */,
				C6BE0E7D8CE21540A0C19CE2 /* UserSearchViewTests.swift in Sources */,
				8B458A90486E151AEFFF9FAB /* UserSearchInteractorTests.swift in Sources */,
				8BC1676D7C54B722A31B26C2 /* UserSearchPresenterTests.swift in Sources */,
				AE443DD4FEEFF3A72F3E1596 /* UserSearchRouterTests.swift in Sources */,
			);
			runOnlyForDeploymentPostprocessing = 0;
		};
		28D55ABC1FBD4A9400B9C66C /* Sources */ = {
			isa = PBXSourcesBuildPhase;
			buildActionMask = 2147483647;
			files = (
				28D55AC41FBD4A9400B9C66C /* AppDelegate.swift in Sources */,
				284C1AD51FBE9A0C00F00D23 /* AIUserTableViewCell.swift in Sources */,
				507F7FACFA06FA8756C01D19 /* UserSearchViewInput.swift in Sources */,
				D444F50A6562072B382044BA /* UserSearchViewOutput.swift in Sources */,
				1CAE15333E96196DB2D89277 /* UserSearchViewController.swift in Sources */,
				2105D3936928F04556BD11D5 /* UserSearchModuleInput.swift in Sources */,
				17CAEC7E35F7EDFB005501D0 /* UserSearchPresenter.swift in Sources */,
				20CBB99287120C7505383330 /* UserSearchInteractorInput.swift in Sources */,
				C0707353ACE5D60C4521ECD8 /* UserSearchInteractorOutput.swift in Sources */,
				69BD9343D6472F3EE8A22832 /* UserSearchInteractor.swift in Sources */,
				8D714D5B8A80D431C8D4D421 /* UserSearchRouterInput.swift in Sources */,
				347045B422DD4CD257109413 /* UserSearchRouter.swift in Sources */,
				D7CC6EA2B7E5BD4E4C735580 /* UserSearchConfigurator.swift in Sources */,
				7BB455E0394D33B0A0ED98FE /* UserSearchInitializer.swift in Sources */,
			);
			runOnlyForDeploymentPostprocessing = 0;
		};
/* End PBXSourcesBuildPhase section */

/* Begin PBXTargetDependency section */
		284C1AE11FBEA5B500F00D23 /* PBXTargetDependency */ = {
			isa = PBXTargetDependency;
			target = 28D55ABF1FBD4A9400B9C66C /* BrowserVK */;
			targetProxy = 284C1AE01FBEA5B500F00D23 /* PBXContainerItemProxy */;
		};
/* End PBXTargetDependency section */

/* Begin PBXVariantGroup section */
		28D55ACC1FBD4A9400B9C66C /* LaunchScreen.storyboard */ = {
			isa = PBXVariantGroup;
			children = (
				28D55ACD1FBD4A9400B9C66C /* Base */,
			);
			name = LaunchScreen.storyboard;
			sourceTree = "<group>";
		};
/* End PBXVariantGroup section */

/* Begin XCBuildConfiguration section */
		284C1AE31FBEA5B500F00D23 /* Debug */ = {
			isa = XCBuildConfiguration;
			buildSettings = {
				BUNDLE_LOADER = "$(TEST_HOST)";
				CODE_SIGN_STYLE = Automatic;
				DEVELOPMENT_TEAM = Z22AZT98DV;
				INFOPLIST_FILE = BrowserVKTests/Info.plist;
				LD_RUNPATH_SEARCH_PATHS = "$(inherited) @executable_path/Frameworks @loader_path/Frameworks";
				PRODUCT_BUNDLE_IDENTIFIER = AI.BrowserVKTests;
				PRODUCT_NAME = "$(TARGET_NAME)";
				SWIFT_VERSION = 4.0;
				TARGETED_DEVICE_FAMILY = "1,2";
				TEST_HOST = "$(BUILT_PRODUCTS_DIR)/BrowserVK.app/BrowserVK";
			};
			name = Debug;
		};
		284C1AE41FBEA5B500F00D23 /* Release */ = {
			isa = XCBuildConfiguration;
			buildSettings = {
				BUNDLE_LOADER = "$(TEST_HOST)";
				CODE_SIGN_STYLE = Automatic;
				DEVELOPMENT_TEAM = Z22AZT98DV;
				INFOPLIST_FILE = BrowserVKTests/Info.plist;
				LD_RUNPATH_SEARCH_PATHS = "$(inherited) @executable_path/Frameworks @loader_path/Frameworks";
				PRODUCT_BUNDLE_IDENTIFIER = AI.BrowserVKTests;
				PRODUCT_NAME = "$(TARGET_NAME)";
				SWIFT_VERSION = 4.0;
				TARGETED_DEVICE_FAMILY = "1,2";
				TEST_HOST = "$(BUILT_PRODUCTS_DIR)/BrowserVK.app/BrowserVK";
			};
			name = Release;
		};
		28D55AD01FBD4A9400B9C66C /* Debug */ = {
			isa = XCBuildConfiguration;
			buildSettings = {
				ALWAYS_SEARCH_USER_PATHS = NO;
				CLANG_ANALYZER_NONNULL = YES;
				CLANG_ANALYZER_NUMBER_OBJECT_CONVERSION = YES_AGGRESSIVE;
				CLANG_CXX_LANGUAGE_STANDARD = "gnu++14";
				CLANG_CXX_LIBRARY = "libc++";
				CLANG_ENABLE_MODULES = YES;
				CLANG_ENABLE_OBJC_ARC = YES;
				CLANG_WARN_BLOCK_CAPTURE_AUTORELEASING = YES;
				CLANG_WARN_BOOL_CONVERSION = YES;
				CLANG_WARN_COMMA = YES;
				CLANG_WARN_CONSTANT_CONVERSION = YES;
				CLANG_WARN_DIRECT_OBJC_ISA_USAGE = YES_ERROR;
				CLANG_WARN_DOCUMENTATION_COMMENTS = YES;
				CLANG_WARN_EMPTY_BODY = YES;
				CLANG_WARN_ENUM_CONVERSION = YES;
				CLANG_WARN_INFINITE_RECURSION = YES;
				CLANG_WARN_INT_CONVERSION = YES;
				CLANG_WARN_NON_LITERAL_NULL_CONVERSION = YES;
				CLANG_WARN_OBJC_LITERAL_CONVERSION = YES;
				CLANG_WARN_OBJC_ROOT_CLASS = YES_ERROR;
				CLANG_WARN_RANGE_LOOP_ANALYSIS = YES;
				CLANG_WARN_STRICT_PROTOTYPES = YES;
				CLANG_WARN_SUSPICIOUS_MOVE = YES;
				CLANG_WARN_UNGUARDED_AVAILABILITY = YES_AGGRESSIVE;
				CLANG_WARN_UNREACHABLE_CODE = YES;
				CLANG_WARN__DUPLICATE_METHOD_MATCH = YES;
				CODE_SIGN_IDENTITY = "iPhone Developer";
				COPY_PHASE_STRIP = NO;
				DEBUG_INFORMATION_FORMAT = dwarf;
				ENABLE_STRICT_OBJC_MSGSEND = YES;
				ENABLE_TESTABILITY = YES;
				GCC_C_LANGUAGE_STANDARD = gnu11;
				GCC_DYNAMIC_NO_PIC = NO;
				GCC_NO_COMMON_BLOCKS = YES;
				GCC_OPTIMIZATION_LEVEL = 0;
				GCC_PREPROCESSOR_DEFINITIONS = (
					"DEBUG=1",
					"$(inherited)",
				);
				GCC_WARN_64_TO_32_BIT_CONVERSION = YES;
				GCC_WARN_ABOUT_RETURN_TYPE = YES_ERROR;
				GCC_WARN_UNDECLARED_SELECTOR = YES;
				GCC_WARN_UNINITIALIZED_AUTOS = YES_AGGRESSIVE;
				GCC_WARN_UNUSED_FUNCTION = YES;
				GCC_WARN_UNUSED_VARIABLE = YES;
				IPHONEOS_DEPLOYMENT_TARGET = 11.1;
				MTL_ENABLE_DEBUG_INFO = YES;
				ONLY_ACTIVE_ARCH = YES;
				SDKROOT = iphoneos;
				SWIFT_ACTIVE_COMPILATION_CONDITIONS = DEBUG;
				SWIFT_OPTIMIZATION_LEVEL = "-Onone";
			};
			name = Debug;
		};
		28D55AD11FBD4A9400B9C66C /* Release */ = {
			isa = XCBuildConfiguration;
			buildSettings = {
				ALWAYS_SEARCH_USER_PATHS = NO;
				CLANG_ANALYZER_NONNULL = YES;
				CLANG_ANALYZER_NUMBER_OBJECT_CONVERSION = YES_AGGRESSIVE;
				CLANG_CXX_LANGUAGE_STANDARD = "gnu++14";
				CLANG_CXX_LIBRARY = "libc++";
				CLANG_ENABLE_MODULES = YES;
				CLANG_ENABLE_OBJC_ARC = YES;
				CLANG_WARN_BLOCK_CAPTURE_AUTORELEASING = YES;
				CLANG_WARN_BOOL_CONVERSION = YES;
				CLANG_WARN_COMMA = YES;
				CLANG_WARN_CONSTANT_CONVERSION = YES;
				CLANG_WARN_DIRECT_OBJC_ISA_USAGE = YES_ERROR;
				CLANG_WARN_DOCUMENTATION_COMMENTS = YES;
				CLANG_WARN_EMPTY_BODY = YES;
				CLANG_WARN_ENUM_CONVERSION = YES;
				CLANG_WARN_INFINITE_RECURSION = YES;
				CLANG_WARN_INT_CONVERSION = YES;
				CLANG_WARN_NON_LITERAL_NULL_CONVERSION = YES;
				CLANG_WARN_OBJC_LITERAL_CONVERSION = YES;
				CLANG_WARN_OBJC_ROOT_CLASS = YES_ERROR;
				CLANG_WARN_RANGE_LOOP_ANALYSIS = YES;
				CLANG_WARN_STRICT_PROTOTYPES = YES;
				CLANG_WARN_SUSPICIOUS_MOVE = YES;
				CLANG_WARN_UNGUARDED_AVAILABILITY = YES_AGGRESSIVE;
				CLANG_WARN_UNREACHABLE_CODE = YES;
				CLANG_WARN__DUPLICATE_METHOD_MATCH = YES;
				CODE_SIGN_IDENTITY = "iPhone Developer";
				COPY_PHASE_STRIP = NO;
				DEBUG_INFORMATION_FORMAT = "dwarf-with-dsym";
				ENABLE_NS_ASSERTIONS = NO;
				ENABLE_STRICT_OBJC_MSGSEND = YES;
				GCC_C_LANGUAGE_STANDARD = gnu11;
				GCC_NO_COMMON_BLOCKS = YES;
				GCC_WARN_64_TO_32_BIT_CONVERSION = YES;
				GCC_WARN_ABOUT_RETURN_TYPE = YES_ERROR;
				GCC_WARN_UNDECLARED_SELECTOR = YES;
				GCC_WARN_UNINITIALIZED_AUTOS = YES_AGGRESSIVE;
				GCC_WARN_UNUSED_FUNCTION = YES;
				GCC_WARN_UNUSED_VARIABLE = YES;
				IPHONEOS_DEPLOYMENT_TARGET = 11.1;
				MTL_ENABLE_DEBUG_INFO = NO;
				SDKROOT = iphoneos;
				SWIFT_OPTIMIZATION_LEVEL = "-Owholemodule";
				VALIDATE_PRODUCT = YES;
			};
			name = Release;
		};
		28D55AD31FBD4A9400B9C66C /* Debug */ = {
			isa = XCBuildConfiguration;
			buildSettings = {
				ASSETCATALOG_COMPILER_APPICON_NAME = AppIcon;
				CODE_SIGN_STYLE = Automatic;
				DEVELOPMENT_TEAM = Z22AZT98DV;
				INFOPLIST_FILE = BrowserVK/Info.plist;
				IPHONEOS_DEPLOYMENT_TARGET = 9.0;
				LD_RUNPATH_SEARCH_PATHS = "$(inherited) @executable_path/Frameworks";
				PRODUCT_BUNDLE_IDENTIFIER = AI.BrowserVK;
				PRODUCT_NAME = "$(TARGET_NAME)";
				SWIFT_VERSION = 4.0;
				TARGETED_DEVICE_FAMILY = "1,2";
			};
			name = Debug;
		};
		28D55AD41FBD4A9400B9C66C /* Release */ = {
			isa = XCBuildConfiguration;
			buildSettings = {
				ASSETCATALOG_COMPILER_APPICON_NAME = AppIcon;
				CODE_SIGN_STYLE = Automatic;
				DEVELOPMENT_TEAM = Z22AZT98DV;
				INFOPLIST_FILE = BrowserVK/Info.plist;
				IPHONEOS_DEPLOYMENT_TARGET = 9.0;
				LD_RUNPATH_SEARCH_PATHS = "$(inherited) @executable_path/Frameworks";
				PRODUCT_BUNDLE_IDENTIFIER = AI.BrowserVK;
				PRODUCT_NAME = "$(TARGET_NAME)";
				SWIFT_VERSION = 4.0;
				TARGETED_DEVICE_FAMILY = "1,2";
			};
			name = Release;
		};
/* End XCBuildConfiguration section */

/* Begin XCConfigurationList section */
		284C1AE21FBEA5B500F00D23 /* Build configuration list for PBXNativeTarget "BrowserVKTests" */ = {
			isa = XCConfigurationList;
			buildConfigurations = (
				284C1AE31FBEA5B500F00D23 /* Debug */,
				284C1AE41FBEA5B500F00D23 /* Release */,
			);
			defaultConfigurationIsVisible = 0;
			defaultConfigurationName = Release;
		};
		28D55ABB1FBD4A9400B9C66C /* Build configuration list for PBXProject "BrowserVK" */ = {
			isa = XCConfigurationList;
			buildConfigurations = (
				28D55AD01FBD4A9400B9C66C /* Debug */,
				28D55AD11FBD4A9400B9C66C /* Release */,
			);
			defaultConfigurationIsVisible = 0;
			defaultConfigurationName = Release;
		};
		28D55AD21FBD4A9400B9C66C /* Build configuration list for PBXNativeTarget "BrowserVK" */ = {
			isa = XCConfigurationList;
			buildConfigurations = (
				28D55AD31FBD4A9400B9C66C /* Debug */,
				28D55AD41FBD4A9400B9C66C /* Release */,
			);
			defaultConfigurationIsVisible = 0;
			defaultConfigurationName = Release;
		};
/* End XCConfigurationList section */
	};
	rootObject = 28D55AB81FBD4A9400B9C66C /* Project object */;
}
